{
  "name": "@toast-ui/vue-editor",
  "version": "2.4.0",
  "lockfileVersion": 2,
  "requires": true,
  "packages": {
    "": {
      "name": "@toast-ui/vue-editor",
      "version": "2.4.0",
      "license": "MIT",
      "dependencies": {
        "@toast-ui/editor": "^2.4.0"
      },
      "devDependencies": {
        "vue": "^2.5.0"
      },
      "peerDependencies": {
        "vue": "^2.5.0"
      }
    },
    "node_modules/@toast-ui/editor": {
      "version": "2.5.1",
      "resolved": "https://registry.npmjs.org/@toast-ui/editor/-/editor-2.5.1.tgz",
      "integrity": "sha512-LVNo/YaNItUemEaRFvFAVn7w/0U7yxEheMdn6GEGxqo727rRZD1MH7OTDVq6NeQ+P93VwFpa0i9GGRBhNNEbPQ==",
      "dependencies": {
        "@types/codemirror": "0.0.71",
        "codemirror": "^5.48.4"
      }
    },
    "node_modules/@types/codemirror": {
      "version": "0.0.71",
      "resolved": "https://registry.npmjs.org/@types/codemirror/-/codemirror-0.0.71.tgz",
      "integrity": "sha512-b2oEEnno1LIGKMR7uBEsr40al1UijF1HEpRn0+Yf1xOLl24iQgB7DBpZVMM7y54G5wCNoclDrRO65E6KHPNO2w==",
      "dependencies": {
        "@types/tern": "*"
      }
    },
    "node_modules/@types/estree": {
      "version": "0.0.46",
      "resolved": "https://registry.npmjs.org/@types/estree/-/estree-0.0.46.tgz",
      "integrity": "sha512-laIjwTQaD+5DukBZaygQ79K1Z0jb1bPEMRrkXSLjtCcZm+abyp5YbrqpSLzD42FwWW6gK/aS4NYpJ804nG2brg=="
    },
    "node_modules/@types/tern": {
      "version": "0.23.3",
      "resolved": "https://registry.npmjs.org/@types/tern/-/tern-0.23.3.tgz",
      "integrity": "sha512-imDtS4TAoTcXk0g7u4kkWqedB3E4qpjXzCpD2LU5M5NAXHzCDsypyvXSaG7mM8DKYkCRa7tFp4tS/lp/Wo7Q3w==",
      "dependencies": {
        "@types/estree": "*"
      }
    },
    "node_modules/codemirror": {
      "version": "5.59.4",
      "resolved": "https://registry.npmjs.org/codemirror/-/codemirror-5.59.4.tgz",
      "integrity": "sha512-achw5JBgx8QPcACDDn+EUUXmCYzx/zxEtOGXyjvLEvYY8GleUrnfm5D+Zb+UjShHggXKDT9AXrbkBZX6a0YSQg=="
    },
    "node_modules/vue": {
      "version": "2.6.12",
      "resolved": "https://registry.npmjs.org/vue/-/vue-2.6.12.tgz",
      "integrity": "sha512-uhmLFETqPPNyuLLbsKz6ioJ4q7AZHzD8ZVFNATNyICSZouqP2Sz0rotWQC8UNBF6VGSCs5abnKJoStA6JbCbfg==",
      "dev": true
    }
  },
  "dependencies": {
    "@toast-ui/editor": {
      "version": "2.5.1",
      "resolved": "https://registry.npmjs.org/@toast-ui/editor/-/editor-2.5.1.tgz",
      "integrity": "sha512-LVNo/YaNItUemEaRFvFAVn7w/0U7yxEheMdn6GEGxqo727rRZD1MH7OTDVq6NeQ+P93VwFpa0i9GGRBhNNEbPQ==",
      "requires": {
        "@types/codemirror": "0.0.71",
        "codemirror": "^5.48.4"
      }
    },
    "@types/codemirror": {
      "version": "0.0.71",
      "resolved": "https://registry.npmjs.org/@types/codemirror/-/codemirror-0.0.71.tgz",
      "integrity": "sha512-b2oEEnno1LIGKMR7uBEsr40al1UijF1HEpRn0+Yf1xOLl24iQgB7DBpZVMM7y54G5wCNoclDrRO65E6KHPNO2w==",
      "requires": {
        "@types/tern": "*"
      }
    },
    "@types/estree": {
      "version": "0.0.46",
      "resolved": "https://registry.npmjs.org/@types/estree/-/estree-0.0.46.tgz",
      "integrity": "sha512-laIjwTQaD+5DukBZaygQ79K1Z0jb1bPEMRrkXSLjtCcZm+abyp5YbrqpSLzD42FwWW6gK/aS4NYpJ804nG2brg=="
    },
    "@types/tern": {
      "version": "0.23.3",
      "resolved": "https://registry.npmjs.org/@types/tern/-/tern-0.23.3.tgz",
      "integrity": "sha512-imDtS4TAoTcXk0g7u4kkWqedB3E4qpjXzCpD2LU5M5NAXHzCDsypyvXSaG7mM8DKYkCRa7tFp4tS/lp/Wo7Q3w==",
      "requires": {
        "@types/estree": "*"
      }
    },
    "codemirror": {
      "version": "5.59.4",
      "resolved": "https://registry.npmjs.org/codemirror/-/codemirror-5.59.4.tgz",
      "integrity": "sha512-achw5JBgx8QPcACDDn+EUUXmCYzx/zxEtOGXyjvLEvYY8GleUrnfm5D+Zb+UjShHggXKDT9AXrbkBZX6a0YSQg=="
    },
    "vue": {
      "version": "2.6.12",
      "resolved": "https://registry.npmjs.org/vue/-/vue-2.6.12.tgz",
      "integrity": "sha512-uhmLFETqPPNyuLLbsKz6ioJ4q7AZHzD8ZVFNATNyICSZouqP2Sz0rotWQC8UNBF6VGSCs5abnKJoStA6JbCbfg==",
      "dev": true
    }
  }
}
